
Microsoft Visual Studio Solution File, Format Version 12.00
Project("{FAE04EC0-301F-11D3-BF4B-00C04F79EFBC}") = "Bài 4", "Bài 4\Bài 4.csproj", "{77E28E65-8ED1-4B7A-99CD-92F386AC9980}"
EndProject
Global
	GlobalSection(SolutionConfigurationPlatforms) = preSolution
		Debug|Any CPU = Debug|Any CPU
		Release|Any CPU = Release|Any CPU
	EndGlobalSection
	GlobalSection(ProjectConfigurationPlatforms) = postSolution
		{77E28E65-8ED1-4B7A-99CD-92F386AC9980}.Debug|Any CPU.ActiveCfg = Debug|Any CPU
		{77E28E65-8ED1-4B7A-99CD-92F386AC9980}.Debug|Any CPU.Build.0 = Debug|Any CPU
		{77E28E65-8ED1-4B7A-99CD-92F386AC9980}.Release|Any CPU.ActiveCfg = Release|Any CPU
		{77E28E65-8ED1-4B7A-99CD-92F386AC9980}.Release|Any CPU.Build.0 = Release|Any CPU
	EndGlobalSection
EndGlobal
