
Microsoft Visual Studio Solution File, Format Version 12.00
# Visual Studio Version 16
VisualStudioVersion = 16.0.31729.503
MinimumVisualStudioVersion = 10.0.40219.1
Project("{FAE04EC0-301F-11D3-BF4B-00C04F79EFBC}") = "Bai 1", "Bai 1\Bai 1.csproj", "{7DDD1867-0627-43F9-9D20-1D0A3A6A0FBA}"
EndProject
Global
	GlobalSection(SolutionConfigurationPlatforms) = preSolution
		Debug|Any CPU = Debug|Any CPU
		Release|Any CPU = Release|Any CPU
	EndGlobalSection
	GlobalSection(ProjectConfigurationPlatforms) = postSolution
		{7DDD1867-0627-43F9-9D20-1D0A3A6A0FBA}.Debug|Any CPU.ActiveCfg = Debug|Any CPU
		{7DDD1867-0627-43F9-9D20-1D0A3A6A0FBA}.Debug|Any CPU.Build.0 = Debug|Any CPU
		{7DDD1867-0627-43F9-9D20-1D0A3A6A0FBA}.Release|Any CPU.ActiveCfg = Release|Any CPU
		{7DDD1867-0627-43F9-9D20-1D0A3A6A0FBA}.Release|Any CPU.Build.0 = Release|Any CPU
	EndGlobalSection
	GlobalSection(SolutionProperties) = preSolution
		HideSolutionNode = FALSE
	EndGlobalSection
	GlobalSection(ExtensibilityGlobals) = postSolution
		SolutionGuid = {0625F9FD-212F-4D05-872E-0AF301CF1045}
	EndGlobalSection
EndGlobal
